
Microsoft Visual Studio Solution File, Format Version 12.00
# Visual Studio Version 16
VisualStudioVersion = 16.0.31025.194
MinimumVisualStudioVersion = 10.0.40219.1
Project("{FAE04EC0-301F-11D3-BF4B-00C04F79EFBC}") = "Lab_3", "Lab_3.csproj", "{331024F0-4159-4858-A60F-B8D11B2C2061}"
EndProject
Global
	GlobalSection(SolutionConfigurationPlatforms) = preSolution
		Debug|Any CPU = Debug|Any CPU
		Release|Any CPU = Release|Any CPU
	EndGlobalSection
	GlobalSection(ProjectConfigurationPlatforms) = postSolution
		{331024F0-4159-4858-A60F-B8D11B2C2061}.Debug|Any CPU.ActiveCfg = Debug|Any CPU
		{331024F0-4159-4858-A60F-B8D11B2C2061}.Debug|Any CPU.Build.0 = Debug|Any CPU
		{331024F0-4159-4858-A60F-B8D11B2C2061}.Release|Any CPU.ActiveCfg = Release|Any CPU
		{331024F0-4159-4858-A60F-B8D11B2C2061}.Release|Any CPU.Build.0 = Release|Any CPU
	EndGlobalSection
	GlobalSection(SolutionProperties) = preSolution
		HideSolutionNode = FALSE
	EndGlobalSection
	GlobalSection(ExtensibilityGlobals) = postSolution
		SolutionGuid = {BC80D796-87E3-40B3-8A08-D7D6AA37DE41}
	EndGlobalSection
EndGlobal
